// !$*UTF8*$!
{
	archiveVersion = 1;
	classes = {
	};
	objectVersion = 77;
	objects = {

/* Begin PBXBuildFile section */
		045F5C1D2D2390E600DD8ACC /* CountryPicker in Frameworks */ = {isa = PBXBuildFile; productRef = 045F5C1C2D2390E600DD8ACC /* CountryPicker */; };
		045F5C2A2D23C89D00DD8ACC /* FirebaseAuth in Frameworks */ = {isa = PBXBuildFile; productRef = 045F5C292D23C89D00DD8ACC /* FirebaseAuth */; };
		045F5C2C2D23C89D00DD8ACC /* FirebaseFirestore in Frameworks */ = {isa = PBXBuildFile; productRef = 045F5C2B2D23C89D00DD8ACC /* FirebaseFirestore */; };
/* End PBXBuildFile section */

/* Begin PBXContainerItemProxy section */
		04DDB72B2D1F919000E47C4A /* PBXContainerItemProxy */ = {
			isa = PBXContainerItemProxy;
			containerPortal = 04DDB7122D1F918F00E47C4A /* Project object */;
			proxyType = 1;
			remoteGlobalIDString = 04DDB7192D1F918F00E47C4A;
			remoteInfo = OnlineGroceriesSwiftUI;
		};
		04DDB7352D1F919000E47C4A /* PBXContainerItemProxy */ = {
			isa = PBXContainerItemProxy;
			containerPortal = 04DDB7122D1F918F00E47C4A /* Project object */;
			proxyType = 1;
			remoteGlobalIDString = 04DDB7192D1F918F00E47C4A;
			remoteInfo = OnlineGroceriesSwiftUI;
		};
/* End PBXContainerItemProxy section */

/* Begin PBXFileReference section */
		044671582D23517000204EA4 /* OnlineGroceriesSwiftUI.app */ = {isa = PBXFileReference; explicitFileType = wrapper.application; includeInIndex = 0; path = OnlineGroceriesSwiftUI.app; sourceTree = BUILT_PRODUCTS_DIR; };
		045F5C4C2D2442B100DD8ACC /* .gitignore */ = {isa = PBXFileReference; lastKnownFileType = text; path = .gitignore; sourceTree = "<group>"; };
		045F5C4D2D24451B00DD8ACC /* README.md */ = {isa = PBXFileReference; lastKnownFileType = net.daringfireball.markdown; path = README.md; sourceTree = "<group>"; };
		04C0AD102D23550B00F442D5 /* OnlineGroceriesSwiftUITests.xctest */ = {isa = PBXFileReference; explicitFileType = wrapper.cfbundle; includeInIndex = 0; path = OnlineGroceriesSwiftUITests.xctest; sourceTree = BUILT_PRODUCTS_DIR; };
		04C0AD112D23550B00F442D5 /* OnlineGroceriesSwiftUIUITests.xctest */ = {isa = PBXFileReference; explicitFileType = wrapper.cfbundle; includeInIndex = 0; path = OnlineGroceriesSwiftUIUITests.xctest; sourceTree = BUILT_PRODUCTS_DIR; };
/* End PBXFileReference section */

/* Begin PBXFileSystemSynchronizedBuildFileExceptionSet section */
		04B2944F2D232D6900A72B48 /* Exceptions for "OnlineGroceriesSwiftUI" folder in "OnlineGroceriesSwiftUI" target */ = {
			isa = PBXFileSystemSynchronizedBuildFileExceptionSet;
			membershipExceptions = (
				Info.plist,
			);
			target = 04DDB7192D1F918F00E47C4A /* OnlineGroceriesSwiftUI */;
		};
/* End PBXFileSystemSynchronizedBuildFileExceptionSet section */

/* Begin PBXFileSystemSynchronizedRootGroup section */
		04DDB71C2D1F918F00E47C4A /* OnlineGroceriesSwiftUI */ = {
			isa = PBXFileSystemSynchronizedRootGroup;
			exceptions = (
				04B2944F2D232D6900A72B48 /* Exceptions for "OnlineGroceriesSwiftUI" folder in "OnlineGroceriesSwiftUI" target */,
			);
			path = OnlineGroceriesSwiftUI;
			sourceTree = "<group>";
		};
		04DDB72D2D1F919000E47C4A /* OnlineGroceriesSwiftUITests */ = {
			isa = PBXFileSystemSynchronizedRootGroup;
			path = OnlineGroceriesSwiftUITests;
			sourceTree = "<group>";
		};
		04DDB7372D1F919000E47C4A /* OnlineGroceriesSwiftUIUITests */ = {
			isa = PBXFileSystemSynchronizedRootGroup;
			path = OnlineGroceriesSwiftUIUITests;
			sourceTree = "<group>";
		};
/* End PBXFileSystemSynchronizedRootGroup section */

/* Begin PBXFrameworksBuildPhase section */
		04DDB7172D1F918F00E47C4A /* Frameworks */ = {
			isa = PBXFrameworksBuildPhase;
			buildActionMask = 2147483647;
			files = (
				045F5C1D2D2390E600DD8ACC /* CountryPicker in Frameworks */,
				045F5C2A2D23C89D00DD8ACC /* FirebaseAuth in Frameworks */,
				045F5C2C2D23C89D00DD8ACC /* FirebaseFirestore in Frameworks */,
			);
			runOnlyForDeploymentPostprocessing = 0;
		};
		04DDB7272D1F919000E47C4A /* Frameworks */ = {
			isa = PBXFrameworksBuildPhase;
			buildActionMask = 2147483647;
			files = (
			);
			runOnlyForDeploymentPostprocessing = 0;
		};
		04DDB7312D1F919000E47C4A /* Frameworks */ = {
			isa = PBXFrameworksBuildPhase;
			buildActionMask = 2147483647;
			files = (
			);
			runOnlyForDeploymentPostprocessing = 0;
		};
/* End PBXFrameworksBuildPhase section */

/* Begin PBXGroup section */
		04DDB7112D1F918F00E47C4A = {
			isa = PBXGroup;
			children = (
				045F5C4D2D24451B00DD8ACC /* README.md */,
				045F5C4C2D2442B100DD8ACC /* .gitignore */,
				04DDB72D2D1F919000E47C4A /* OnlineGroceriesSwiftUITests */,
				04DDB7372D1F919000E47C4A /* OnlineGroceriesSwiftUIUITests */,
				04DDB71C2D1F918F00E47C4A /* OnlineGroceriesSwiftUI */,
				044671582D23517000204EA4 /* OnlineGroceriesSwiftUI.app */,
				04C0AD102D23550B00F442D5 /* OnlineGroceriesSwiftUITests.xctest */,
				04C0AD112D23550B00F442D5 /* OnlineGroceriesSwiftUIUITests.xctest */,
			);
			sourceTree = "<group>";
		};
/* End PBXGroup section */

/* Begin PBXNativeTarget section */
		04DDB7192D1F918F00E47C4A /* OnlineGroceriesSwiftUI */ = {
			isa = PBXNativeTarget;
			buildConfigurationList = 04DDB73E2D1F919000E47C4A /* Build configuration list for PBXNativeTarget "OnlineGroceriesSwiftUI" */;
			buildPhases = (
				04DDB7162D1F918F00E47C4A /* Sources */,
				04DDB7172D1F918F00E47C4A /* Frameworks */,
				04DDB7182D1F918F00E47C4A /* Resources */,
			);
			buildRules = (
			);
			dependencies = (
			);
			fileSystemSynchronizedGroups = (
				04DDB71C2D1F918F00E47C4A /* OnlineGroceriesSwiftUI */,
			);
			name = OnlineGroceriesSwiftUI;
			packageProductDependencies = (
				045F5C1C2D2390E600DD8ACC /* CountryPicker */,
				045F5C292D23C89D00DD8ACC /* FirebaseAuth */,
				045F5C2B2D23C89D00DD8ACC /* FirebaseFirestore */,
			);
			productName = OnlineGroceriesSwiftUI;
			productReference = 044671582D23517000204EA4 /* OnlineGroceriesSwiftUI.app */;
			productType = "com.apple.product-type.application";
		};
		04DDB7292D1F919000E47C4A /* OnlineGroceriesSwiftUITests */ = {
			isa = PBXNativeTarget;
			buildConfigurationList = 04DDB7412D1F919000E47C4A /* Build configuration list for PBXNativeTarget "OnlineGroceriesSwiftUITests" */;
			buildPhases = (
				04DDB7262D1F919000E47C4A /* Sources */,
				04DDB7272D1F919000E47C4A /* Frameworks */,
				04DDB7282D1F919000E47C4A /* Resources */,
			);
			buildRules = (
			);
			dependencies = (
				04DDB72C2D1F919000E47C4A /* PBXTargetDependency */,
			);
			fileSystemSynchronizedGroups = (
				04DDB72D2D1F919000E47C4A /* OnlineGroceriesSwiftUITests */,
			);
			name = OnlineGroceriesSwiftUITests;
			packageProductDependencies = (
			);
			productName = OnlineGroceriesSwiftUITests;
			productReference = 04C0AD102D23550B00F442D5 /* OnlineGroceriesSwiftUITests.xctest */;
			productType = "com.apple.product-type.bundle.unit-test";
		};
		04DDB7332D1F919000E47C4A /* OnlineGroceriesSwiftUIUITests */ = {
			isa = PBXNativeTarget;
			buildConfigurationList = 04DDB7442D1F919000E47C4A /* Build configuration list for PBXNativeTarget "OnlineGroceriesSwiftUIUITests" */;
			buildPhases = (
				04DDB7302D1F919000E47C4A /* Sources */,
				04DDB7312D1F919000E47C4A /* Frameworks */,
				04DDB7322D1F919000E47C4A /* Resources */,
			);
			buildRules = (
			);
			dependencies = (
				04DDB7362D1F919000E47C4A /* PBXTargetDependency */,
			);
			fileSystemSynchronizedGroups = (
				04DDB7372D1F919000E47C4A /* OnlineGroceriesSwiftUIUITests */,
			);
			name = OnlineGroceriesSwiftUIUITests;
			packageProductDependencies = (
			);
			productName = OnlineGroceriesSwiftUIUITests;
			productReference = 04C0AD112D23550B00F442D5 /* OnlineGroceriesSwiftUIUITests.xctest */;
			productType = "com.apple.product-type.bundle.ui-testing";
		};
/* End PBXNativeTarget section */

/* Begin PBXProject section */
		04DDB7122D1F918F00E47C4A /* Project object */ = {
			isa = PBXProject;
			attributes = {
				BuildIndependentTargetsInParallel = 1;
				LastSwiftUpdateCheck = 1600;
				LastUpgradeCheck = 1600;
				TargetAttributes = {
					04DDB7192D1F918F00E47C4A = {
						CreatedOnToolsVersion = 16.0;
					};
					04DDB7292D1F919000E47C4A = {
						CreatedOnToolsVersion = 16.0;
						TestTargetID = 04DDB7192D1F918F00E47C4A;
					};
					04DDB7332D1F919000E47C4A = {
						CreatedOnToolsVersion = 16.0;
						TestTargetID = 04DDB7192D1F918F00E47C4A;
					};
				};
			};
			buildConfigurationList = 04DDB7152D1F918F00E47C4A /* Build configuration list for PBXProject "OnlineGroceriesSwiftUI" */;
			developmentRegion = en;
			hasScannedForEncodings = 0;
			knownRegions = (
				en,
				Base,
			);
			mainGroup = 04DDB7112D1F918F00E47C4A;
			minimizedProjectReferenceProxies = 1;
			packageReferences = (
				045F5C1B2D2390E600DD8ACC /* XCRemoteSwiftPackageReference "CountryPicker" */,
				045F5C282D23C89D00DD8ACC /* XCRemoteSwiftPackageReference "firebase-ios-sdk" */,
			);
			preferredProjectObjectVersion = 77;
			productRefGroup = 04DDB7112D1F918F00E47C4A;
			projectDirPath = "";
			projectRoot = "";
			targets = (
				04DDB7192D1F918F00E47C4A /* OnlineGroceriesSwiftUI */,
				04DDB7292D1F919000E47C4A /* OnlineGroceriesSwiftUITests */,
				04DDB7332D1F919000E47C4A /* OnlineGroceriesSwiftUIUITests */,
			);
		};
/* End PBXProject section */

/* Begin PBXResourcesBuildPhase section */
		04DDB7182D1F918F00E47C4A /* Resources */ = {
			isa = PBXResourcesBuildPhase;
			buildActionMask = 2147483647;
			files = (
			);
			runOnlyForDeploymentPostprocessing = 0;
		};
		04DDB7282D1F919000E47C4A /* Resources */ = {
			isa = PBXResourcesBuildPhase;
			buildActionMask = 2147483647;
			files = (
			);
			runOnlyForDeploymentPostprocessing = 0;
		};
		04DDB7322D1F919000E47C4A /* Resources */ = {
			isa = PBXResourcesBuildPhase;
			buildActionMask = 2147483647;
			files = (
			);
			runOnlyForDeploymentPostprocessing = 0;
		};
/* End PBXResourcesBuildPhase section */

/* Begin PBXSourcesBuildPhase section */
		04DDB7162D1F918F00E47C4A /* Sources */ = {
			isa = PBXSourcesBuildPhase;
			buildActionMask = 2147483647;
			files = (
			);
			runOnlyForDeploymentPostprocessing = 0;
		};
		04DDB7262D1F919000E47C4A /* Sources */ = {
			isa = PBXSourcesBuildPhase;
			buildActionMask = 2147483647;
			files = (
			);
			runOnlyForDeploymentPostprocessing = 0;
		};
		04DDB7302D1F919000E47C4A /* Sources */ = {
			isa = PBXSourcesBuildPhase;
			buildActionMask = 2147483647;
			files = (
			);
			runOnlyForDeploymentPostprocessing = 0;
		};
/* End PBXSourcesBuildPhase section */

/* Begin PBXTargetDependency section */
		04DDB72C2D1F919000E47C4A /* PBXTargetDependency */ = {
			isa = PBXTargetDependency;
			target = 04DDB7192D1F918F00E47C4A /* OnlineGroceriesSwiftUI */;
			targetProxy = 04DDB72B2D1F919000E47C4A /* PBXContainerItemProxy */;
		};
		04DDB7362D1F919000E47C4A /* PBXTargetDependency */ = {
			isa = PBXTargetDependency;
			target = 04DDB7192D1F918F00E47C4A /* OnlineGroceriesSwiftUI */;
			targetProxy = 04DDB7352D1F919000E47C4A /* PBXContainerItemProxy */;
		};
/* End PBXTargetDependency section */

/* Begin XCBuildConfiguration section */
		04DDB73C2D1F919000E47C4A /* Debug */ = {
			isa = XCBuildConfiguration;
			buildSettings = {
				ALWAYS_SEARCH_USER_PATHS = NO;
				ASSETCATALOG_COMPILER_GENERATE_SWIFT_ASSET_SYMBOL_EXTENSIONS = YES;
				CLANG_ANALYZER_NONNULL = YES;
				CLANG_ANALYZER_NUMBER_OBJECT_CONVERSION = YES_AGGRESSIVE;
				CLANG_CXX_LANGUAGE_STANDARD = "gnu++20";
				CLANG_ENABLE_MODULES = YES;
				CLANG_ENABLE_OBJC_ARC = YES;
				CLANG_ENABLE_OBJC_WEAK = YES;
				CLANG_WARN_BLOCK_CAPTURE_AUTORELEASING = YES;
				CLANG_WARN_BOOL_CONVERSION = YES;
				CLANG_WARN_COMMA = YES;
				CLANG_WARN_CONSTANT_CONVERSION = YES;
				CLANG_WARN_DEPRECATED_OBJC_IMPLEMENTATIONS = YES;
				CLANG_WARN_DIRECT_OBJC_ISA_USAGE = YES_ERROR;
				CLANG_WARN_DOCUMENTATION_COMMENTS = YES;
				CLANG_WARN_EMPTY_BODY = YES;
				CLANG_WARN_ENUM_CONVERSION = YES;
				CLANG_WARN_INFINITE_RECURSION = YES;
				CLANG_WARN_INT_CONVERSION = YES;
				CLANG_WARN_NON_LITERAL_NULL_CONVERSION = YES;
				CLANG_WARN_OBJC_IMPLICIT_RETAIN_SELF = YES;
				CLANG_WARN_OBJC_LITERAL_CONVERSION = YES;
				CLANG_WARN_OBJC_ROOT_CLASS = YES_ERROR;
				CLANG_WARN_QUOTED_INCLUDE_IN_FRAMEWORK_HEADER = YES;
				CLANG_WARN_RANGE_LOOP_ANALYSIS = YES;
				CLANG_WARN_STRICT_PROTOTYPES = YES;
				CLANG_WARN_SUSPICIOUS_MOVE = YES;
				CLANG_WARN_UNGUARDED_AVAILABILITY = YES_AGGRESSIVE;
				CLANG_WARN_UNREACHABLE_CODE = YES;
				CLANG_WARN__DUPLICATE_METHOD_MATCH = YES;
				COPY_PHASE_STRIP = NO;
				DEBUG_INFORMATION_FORMAT = dwarf;
				ENABLE_STRICT_OBJC_MSGSEND = YES;
				ENABLE_TESTABILITY = YES;
				ENABLE_USER_SCRIPT_SANDBOXING = YES;
				GCC_C_LANGUAGE_STANDARD = gnu17;
				GCC_DYNAMIC_NO_PIC = NO;
				GCC_NO_COMMON_BLOCKS = YES;
				GCC_OPTIMIZATION_LEVEL = 0;
				GCC_PREPROCESSOR_DEFINITIONS = (
					"DEBUG=1",
					"$(inherited)",
				);
				GCC_WARN_64_TO_32_BIT_CONVERSION = YES;
				GCC_WARN_ABOUT_RETURN_TYPE = YES_ERROR;
				GCC_WARN_UNDECLARED_SELECTOR = YES;
				GCC_WARN_UNINITIALIZED_AUTOS = YES_AGGRESSIVE;
				GCC_WARN_UNUSED_FUNCTION = YES;
				GCC_WARN_UNUSED_VARIABLE = YES;
				IPHONEOS_DEPLOYMENT_TARGET = 18.0;
				LOCALIZATION_PREFERS_STRING_CATALOGS = YES;
				MTL_ENABLE_DEBUG_INFO = INCLUDE_SOURCE;
				MTL_FAST_MATH = YES;
				ONLY_ACTIVE_ARCH = YES;
				SDKROOT = iphoneos;
				SWIFT_ACTIVE_COMPILATION_CONDITIONS = "DEBUG $(inherited)";
				SWIFT_OPTIMIZATION_LEVEL = "-Onone";
			};
			name = Debug;
		};
		04DDB73D2D1F919000E47C4A /* Release */ = {
			isa = XCBuildConfiguration;
			buildSettings = {
				ALWAYS_SEARCH_USER_PATHS = NO;
				ASSETCATALOG_COMPILER_GENERATE_SWIFT_ASSET_SYMBOL_EXTENSIONS = YES;
				CLANG_ANALYZER_NONNULL = YES;
				CLANG_ANALYZER_NUMBER_OBJECT_CONVERSION = YES_AGGRESSIVE;
				CLANG_CXX_LANGUAGE_STANDARD = "gnu++20";
				CLANG_ENABLE_MODULES = YES;
				CLANG_ENABLE_OBJC_ARC = YES;
				CLANG_ENABLE_OBJC_WEAK = YES;
				CLANG_WARN_BLOCK_CAPTURE_AUTORELEASING = YES;
				CLANG_WARN_BOOL_CONVERSION = YES;
				CLANG_WARN_COMMA = YES;
				CLANG_WARN_CONSTANT_CONVERSION = YES;
				CLANG_WARN_DEPRECATED_OBJC_IMPLEMENTATIONS = YES;
				CLANG_WARN_DIRECT_OBJC_ISA_USAGE = YES_ERROR;
				CLANG_WARN_DOCUMENTATION_COMMENTS = YES;
				CLANG_WARN_EMPTY_BODY = YES;
				CLANG_WARN_ENUM_CONVERSION = YES;
				CLANG_WARN_INFINITE_RECURSION = YES;
				CLANG_WARN_INT_CONVERSION = YES;
				CLANG_WARN_NON_LITERAL_NULL_CONVERSION = YES;
				CLANG_WARN_OBJC_IMPLICIT_RETAIN_SELF = YES;
				CLANG_WARN_OBJC_LITERAL_CONVERSION = YES;
				CLANG_WARN_OBJC_ROOT_CLASS = YES_ERROR;
				CLANG_WARN_QUOTED_INCLUDE_IN_FRAMEWORK_HEADER = YES;
				CLANG_WARN_RANGE_LOOP_ANALYSIS = YES;
				CLANG_WARN_STRICT_PROTOTYPES = YES;
				CLANG_WARN_SUSPICIOUS_MOVE = YES;
				CLANG_WARN_UNGUARDED_AVAILABILITY = YES_AGGRESSIVE;
				CLANG_WARN_UNREACHABLE_CODE = YES;
				CLANG_WARN__DUPLICATE_METHOD_MATCH = YES;
				COPY_PHASE_STRIP = NO;
				DEBUG_INFORMATION_FORMAT = "dwarf-with-dsym";
				ENABLE_NS_ASSERTIONS = NO;
				ENABLE_STRICT_OBJC_MSGSEND = YES;
				ENABLE_USER_SCRIPT_SANDBOXING = YES;
				GCC_C_LANGUAGE_STANDARD = gnu17;
				GCC_NO_COMMON_BLOCKS = YES;
				GCC_WARN_64_TO_32_BIT_CONVERSION = YES;
				GCC_WARN_ABOUT_RETURN_TYPE = YES_ERROR;
				GCC_WARN_UNDECLARED_SELECTOR = YES;
				GCC_WARN_UNINITIALIZED_AUTOS = YES_AGGRESSIVE;
				GCC_WARN_UNUSED_FUNCTION = YES;
				GCC_WARN_UNUSED_VARIABLE = YES;
				IPHONEOS_DEPLOYMENT_TARGET = 18.0;
				LOCALIZATION_PREFERS_STRING_CATALOGS = YES;
				MTL_ENABLE_DEBUG_INFO = NO;
				MTL_FAST_MATH = YES;
				SDKROOT = iphoneos;
				SWIFT_COMPILATION_MODE = wholemodule;
				VALIDATE_PRODUCT = YES;
			};
			name = Release;
		};
		04DDB73F2D1F919000E47C4A /* Debug */ = {
			isa = XCBuildConfiguration;
			buildSettings = {
				ASSETCATALOG_COMPILER_APPICON_NAME = AppIcon;
				ASSETCATALOG_COMPILER_GLOBAL_ACCENT_COLOR_NAME = AccentColor;
				ASSETCATALOG_COMPILER_INCLUDE_ALL_APPICON_ASSETS = NO;
				CODE_SIGN_STYLE = Automatic;
				CURRENT_PROJECT_VERSION = 1;
				DEVELOPMENT_ASSET_PATHS = "\"OnlineGroceriesSwiftUI/Preview Content\"";
				ENABLE_PREVIEWS = YES;
				GENERATE_INFOPLIST_FILE = YES;
				INFOPLIST_FILE = OnlineGroceriesSwiftUI/Info.plist;
				INFOPLIST_KEY_UIApplicationSceneManifest_Generation = YES;
				INFOPLIST_KEY_UIApplicationSupportsIndirectInputEvents = YES;
				INFOPLIST_KEY_UILaunchStoryboardName = "Launch Screen";
				INFOPLIST_KEY_UISupportedInterfaceOrientations = UIInterfaceOrientationPortrait;
				INFOPLIST_KEY_UISupportedInterfaceOrientations_iPad = "UIInterfaceOrientationLandscapeLeft UIInterfaceOrientationLandscapeRight UIInterfaceOrientationPortrait UIInterfaceOrientationPortraitUpsideDown";
				IPHONEOS_DEPLOYMENT_TARGET = 14.0;
				LD_RUNPATH_SEARCH_PATHS = (
					"$(inherited)",
					"@executable_path/Frameworks",
				);
				MARKETING_VERSION = 1.0;
				PRODUCT_BUNDLE_IDENTIFIER = com.gaston.OnlineGroceriesSwiftUI;
				PRODUCT_NAME = "$(TARGET_NAME)";
				SUPPORTED_PLATFORMS = "iphoneos iphonesimulator";
				SUPPORTS_MACCATALYST = NO;
				SUPPORTS_MAC_DESIGNED_FOR_IPHONE_IPAD = NO;
				SUPPORTS_XR_DESIGNED_FOR_IPHONE_IPAD = NO;
				SWIFT_EMIT_LOC_STRINGS = YES;
				SWIFT_VERSION = 5.0;
				TARGETED_DEVICE_FAMILY = 1;
			};
			name = Debug;
		};
		04DDB7402D1F919000E47C4A /* Release */ = {
			isa = XCBuildConfiguration;
			buildSettings = {
				ASSETCATALOG_COMPILER_APPICON_NAME = AppIcon;
				ASSETCATALOG_COMPILER_GLOBAL_ACCENT_COLOR_NAME = AccentColor;
				ASSETCATALOG_COMPILER_INCLUDE_ALL_APPICON_ASSETS = NO;
				CODE_SIGN_STYLE = Automatic;
				CURRENT_PROJECT_VERSION = 1;
				DEVELOPMENT_ASSET_PATHS = "\"OnlineGroceriesSwiftUI/Preview Content\"";
				ENABLE_PREVIEWS = YES;
				GENERATE_INFOPLIST_FILE = YES;
				INFOPLIST_FILE = OnlineGroceriesSwiftUI/Info.plist;
				INFOPLIST_KEY_UIApplicationSceneManifest_Generation = YES;
				INFOPLIST_KEY_UIApplicationSupportsIndirectInputEvents = YES;
				INFOPLIST_KEY_UILaunchStoryboardName = "Launch Screen";
				INFOPLIST_KEY_UISupportedInterfaceOrientations = UIInterfaceOrientationPortrait;
				INFOPLIST_KEY_UISupportedInterfaceOrientations_iPad = "UIInterfaceOrientationLandscapeLeft UIInterfaceOrientationLandscapeRight UIInterfaceOrientationPortrait UIInterfaceOrientationPortraitUpsideDown";
				IPHONEOS_DEPLOYMENT_TARGET = 14.0;
				LD_RUNPATH_SEARCH_PATHS = (
					"$(inherited)",
					"@executable_path/Frameworks",
				);
				MARKETING_VERSION = 1.0;
				PRODUCT_BUNDLE_IDENTIFIER = com.gaston.OnlineGroceriesSwiftUI;
				PRODUCT_NAME = "$(TARGET_NAME)";
				SUPPORTED_PLATFORMS = "iphoneos iphonesimulator";
				SUPPORTS_MACCATALYST = NO;
				SUPPORTS_MAC_DESIGNED_FOR_IPHONE_IPAD = NO;
				SUPPORTS_XR_DESIGNED_FOR_IPHONE_IPAD = NO;
				SWIFT_EMIT_LOC_STRINGS = YES;
				SWIFT_VERSION = 5.0;
				TARGETED_DEVICE_FAMILY = 1;
			};
			name = Release;
		};
		04DDB7422D1F919000E47C4A /* Debug */ = {
			isa = XCBuildConfiguration;
			buildSettings = {
				BUNDLE_LOADER = "$(TEST_HOST)";
				CODE_SIGN_STYLE = Automatic;
				CURRENT_PROJECT_VERSION = 1;
				GENERATE_INFOPLIST_FILE = YES;
				IPHONEOS_DEPLOYMENT_TARGET = 18.0;
				MARKETING_VERSION = 1.0;
				PRODUCT_BUNDLE_IDENTIFIER = com.gaston.OnlineGroceriesSwiftUITests;
				PRODUCT_NAME = "$(TARGET_NAME)";
				SWIFT_EMIT_LOC_STRINGS = NO;
				SWIFT_VERSION = 5.0;
				TARGETED_DEVICE_FAMILY = "1,2";
				TEST_HOST = "$(BUILT_PRODUCTS_DIR)/OnlineGroceriesSwiftUI.app/$(BUNDLE_EXECUTABLE_FOLDER_PATH)/OnlineGroceriesSwiftUI";
			};
			name = Debug;
		};
		04DDB7432D1F919000E47C4A /* Release */ = {
			isa = XCBuildConfiguration;
			buildSettings = {
				BUNDLE_LOADER = "$(TEST_HOST)";
				CODE_SIGN_STYLE = Automatic;
				CURRENT_PROJECT_VERSION = 1;
				GENERATE_INFOPLIST_FILE = YES;
				IPHONEOS_DEPLOYMENT_TARGET = 18.0;
				MARKETING_VERSION = 1.0;
				PRODUCT_BUNDLE_IDENTIFIER = com.gaston.OnlineGroceriesSwiftUITests;
				PRODUCT_NAME = "$(TARGET_NAME)";
				SWIFT_EMIT_LOC_STRINGS = NO;
				SWIFT_VERSION = 5.0;
				TARGETED_DEVICE_FAMILY = "1,2";
				TEST_HOST = "$(BUILT_PRODUCTS_DIR)/OnlineGroceriesSwiftUI.app/$(BUNDLE_EXECUTABLE_FOLDER_PATH)/OnlineGroceriesSwiftUI";
			};
			name = Release;
		};
		04DDB7452D1F919000E47C4A /* Debug */ = {
			isa = XCBuildConfiguration;
			buildSettings = {
				CODE_SIGN_STYLE = Automatic;
				CURRENT_PROJECT_VERSION = 1;
				GENERATE_INFOPLIST_FILE = YES;
				MARKETING_VERSION = 1.0;
				PRODUCT_BUNDLE_IDENTIFIER = com.gaston.OnlineGroceriesSwiftUIUITests;
				PRODUCT_NAME = "$(TARGET_NAME)";
				SWIFT_EMIT_LOC_STRINGS = NO;
				SWIFT_VERSION = 5.0;
				TARGETED_DEVICE_FAMILY = "1,2";
				TEST_TARGET_NAME = OnlineGroceriesSwiftUI;
			};
			name = Debug;
		};
		04DDB7462D1F919000E47C4A /* Release */ = {
			isa = XCBuildConfiguration;
			buildSettings = {
				CODE_SIGN_STYLE = Automatic;
				CURRENT_PROJECT_VERSION = 1;
				GENERATE_INFOPLIST_FILE = YES;
				MARKETING_VERSION = 1.0;
				PRODUCT_BUNDLE_IDENTIFIER = com.gaston.OnlineGroceriesSwiftUIUITests;
				PRODUCT_NAME = "$(TARGET_NAME)";
				SWIFT_EMIT_LOC_STRINGS = NO;
				SWIFT_VERSION = 5.0;
				TARGETED_DEVICE_FAMILY = "1,2";
				TEST_TARGET_NAME = OnlineGroceriesSwiftUI;
			};
			name = Release;
		};
/* End XCBuildConfiguration section */

/* Begin XCConfigurationList section */
		04DDB7152D1F918F00E47C4A /* Build configuration list for PBXProject "OnlineGroceriesSwiftUI" */ = {
			isa = XCConfigurationList;
			buildConfigurations = (
				04DDB73C2D1F919000E47C4A /* Debug */,
				04DDB73D2D1F919000E47C4A /* Release */,
			);
			defaultConfigurationIsVisible = 0;
			defaultConfigurationName = Release;
		};
		04DDB73E2D1F919000E47C4A /* Build configuration list for PBXNativeTarget "OnlineGroceriesSwiftUI" */ = {
			isa = XCConfigurationList;
			buildConfigurations = (
				04DDB73F2D1F919000E47C4A /* Debug */,
				04DDB7402D1F919000E47C4A /* Release */,
			);
			defaultConfigurationIsVisible = 0;
			defaultConfigurationName = Release;
		};
		04DDB7412D1F919000E47C4A /* Build configuration list for PBXNativeTarget "OnlineGroceriesSwiftUITests" */ = {
			isa = XCConfigurationList;
			buildConfigurations = (
				04DDB7422D1F919000E47C4A /* Debug */,
				04DDB7432D1F919000E47C4A /* Release */,
			);
			defaultConfigurationIsVisible = 0;
			defaultConfigurationName = Release;
		};
		04DDB7442D1F919000E47C4A /* Build configuration list for PBXNativeTarget "OnlineGroceriesSwiftUIUITests" */ = {
			isa = XCConfigurationList;
			buildConfigurations = (
				04DDB7452D1F919000E47C4A /* Debug */,
				04DDB7462D1F919000E47C4A /* Release */,
			);
			defaultConfigurationIsVisible = 0;
			defaultConfigurationName = Release;
		};
/* End XCConfigurationList section */

/* Begin XCRemoteSwiftPackageReference section */
		045F5C1B2D2390E600DD8ACC /* XCRemoteSwiftPackageReference "CountryPicker" */ = {
			isa = XCRemoteSwiftPackageReference;
			repositoryURL = "https://github.com/mobven/CountryPicker.git";
			requirement = {
				kind = upToNextMajorVersion;
				minimumVersion = 2.0.3;
			};
		};
		045F5C282D23C89D00DD8ACC /* XCRemoteSwiftPackageReference "firebase-ios-sdk" */ = {
			isa = XCRemoteSwiftPackageReference;
			repositoryURL = "https://github.com/firebase/firebase-ios-sdk";
			requirement = {
				kind = upToNextMajorVersion;
				minimumVersion = 11.6.0;
			};
		};
/* End XCRemoteSwiftPackageReference section */

/* Begin XCSwiftPackageProductDependency section */
		045F5C1C2D2390E600DD8ACC /* CountryPicker */ = {
			isa = XCSwiftPackageProductDependency;
			package = 045F5C1B2D2390E600DD8ACC /* XCRemoteSwiftPackageReference "CountryPicker" */;
			productName = CountryPicker;
		};
		045F5C292D23C89D00DD8ACC /* FirebaseAuth */ = {
			isa = XCSwiftPackageProductDependency;
			package = 045F5C282D23C89D00DD8ACC /* XCRemoteSwiftPackageReference "firebase-ios-sdk" */;
			productName = FirebaseAuth;
		};
		045F5C2B2D23C89D00DD8ACC /* FirebaseFirestore */ = {
			isa = XCSwiftPackageProductDependency;
			package = 045F5C282D23C89D00DD8ACC /* XCRemoteSwiftPackageReference "firebase-ios-sdk" */;
			productName = FirebaseFirestore;
		};
/* End XCSwiftPackageProductDependency section */
	};
	rootObject = 04DDB7122D1F918F00E47C4A /* Project object */;
}
