// !$*UTF8*$!
{
	archiveVersion = 1;
	classes = {
	};
	objectVersion = 77;
	objects = {

/* Begin PBXBuildFile section */
		0265268AC076A72572FBCEE6 /* Pods_OnlineGroceriesSwiftUI_OnlineGroceriesSwiftUIUITests.framework in Frameworks */ = {isa = PBXBuildFile; fileRef = 66B7C23E65DCB57032748D64 /* Pods_OnlineGroceriesSwiftUI_OnlineGroceriesSwiftUIUITests.framework */; };
		0415746D2D275CC800941805 /* FirebaseAuth in Frameworks */ = {isa = PBXBuildFile; productRef = 0415746C2D275CC800941805 /* FirebaseAuth */; };
		041574702D275CDC00941805 /* FacebookLogin in Frameworks */ = {isa = PBXBuildFile; productRef = 0415746F2D275CDC00941805 /* FacebookLogin */; };
		041574732D275CEE00941805 /* GoogleSignIn in Frameworks */ = {isa = PBXBuildFile; productRef = 041574722D275CEE00941805 /* GoogleSignIn */; };
		041574752D275CEE00941805 /* GoogleSignInSwift in Frameworks */ = {isa = PBXBuildFile; productRef = 041574742D275CEE00941805 /* GoogleSignInSwift */; };
		041574782D27604000941805 /* CountryPicker in Frameworks */ = {isa = PBXBuildFile; productRef = 041574772D27604000941805 /* CountryPicker */; };
		0437081C2D3C924200E64E67 /* SDWebImageSwiftUI in Frameworks */ = {isa = PBXBuildFile; productRef = 0437081B2D3C924200E64E67 /* SDWebImageSwiftUI */; };
		045F5C802D2461D300DD8ACC /* GoogleService-Info.plist in Resources */ = {isa = PBXBuildFile; fileRef = 045F5C7F2D2461D300DD8ACC /* GoogleService-Info.plist */; };
		067EFBC9A4E6A0F2C1A3B102 /* Pods_OnlineGroceriesSwiftUITests.framework in Frameworks */ = {isa = PBXBuildFile; fileRef = 419A54DE7D29718144210164 /* Pods_OnlineGroceriesSwiftUITests.framework */; };
		DF33A37F3C565C4E4361BBDC /* Pods_OnlineGroceriesSwiftUI.framework in Frameworks */ = {isa = PBXBuildFile; fileRef = 0C112B7E35B91A4B7015898B /* Pods_OnlineGroceriesSwiftUI.framework */; };
/* End PBXBuildFile section */

/* Begin PBXContainerItemProxy section */
		04DDB72B2D1F919000E47C4A /* PBXContainerItemProxy */ = {
			isa = PBXContainerItemProxy;
			containerPortal = 04DDB7122D1F918F00E47C4A /* Project object */;
			proxyType = 1;
			remoteGlobalIDString = 04DDB7192D1F918F00E47C4A;
			remoteInfo = OnlineGroceriesSwiftUI;
		};
		04DDB7352D1F919000E47C4A /* PBXContainerItemProxy */ = {
			isa = PBXContainerItemProxy;
			containerPortal = 04DDB7122D1F918F00E47C4A /* Project object */;
			proxyType = 1;
			remoteGlobalIDString = 04DDB7192D1F918F00E47C4A;
			remoteInfo = OnlineGroceriesSwiftUI;
		};
/* End PBXContainerItemProxy section */

/* Begin PBXFileReference section */
		008EDFA349C052E8F70EE5C0 /* Pods-OnlineGroceriesSwiftUI-OnlineGroceriesSwiftUIUITests.debug.xcconfig */ = {isa = PBXFileReference; includeInIndex = 1; lastKnownFileType = text.xcconfig; name = "Pods-OnlineGroceriesSwiftUI-OnlineGroceriesSwiftUIUITests.debug.xcconfig"; path = "Target Support Files/Pods-OnlineGroceriesSwiftUI-OnlineGroceriesSwiftUIUITests/Pods-OnlineGroceriesSwiftUI-OnlineGroceriesSwiftUIUITests.debug.xcconfig"; sourceTree = "<group>"; };
		044671582D23517000204EA4 /* OnlineGroceriesSwiftUI.app */ = {isa = PBXFileReference; explicitFileType = wrapper.application; includeInIndex = 0; path = OnlineGroceriesSwiftUI.app; sourceTree = BUILT_PRODUCTS_DIR; };
		045F5C4C2D2442B100DD8ACC /* .gitignore */ = {isa = PBXFileReference; lastKnownFileType = text; path = .gitignore; sourceTree = "<group>"; };
		045F5C4D2D24451B00DD8ACC /* README.md */ = {isa = PBXFileReference; lastKnownFileType = net.daringfireball.markdown; path = README.md; sourceTree = "<group>"; };
		045F5C7F2D2461D300DD8ACC /* GoogleService-Info.plist */ = {isa = PBXFileReference; lastKnownFileType = text.plist.xml; path = "GoogleService-Info.plist"; sourceTree = "<group>"; };
		04C0AD102D23550B00F442D5 /* OnlineGroceriesSwiftUITests.xctest */ = {isa = PBXFileReference; explicitFileType = wrapper.cfbundle; includeInIndex = 0; path = OnlineGroceriesSwiftUITests.xctest; sourceTree = BUILT_PRODUCTS_DIR; };
		04C0AD112D23550B00F442D5 /* OnlineGroceriesSwiftUIUITests.xctest */ = {isa = PBXFileReference; explicitFileType = wrapper.cfbundle; includeInIndex = 0; path = OnlineGroceriesSwiftUIUITests.xctest; sourceTree = BUILT_PRODUCTS_DIR; };
		0C112B7E35B91A4B7015898B /* Pods_OnlineGroceriesSwiftUI.framework */ = {isa = PBXFileReference; explicitFileType = wrapper.framework; includeInIndex = 0; path = Pods_OnlineGroceriesSwiftUI.framework; sourceTree = BUILT_PRODUCTS_DIR; };
		419A54DE7D29718144210164 /* Pods_OnlineGroceriesSwiftUITests.framework */ = {isa = PBXFileReference; explicitFileType = wrapper.framework; includeInIndex = 0; path = Pods_OnlineGroceriesSwiftUITests.framework; sourceTree = BUILT_PRODUCTS_DIR; };
		59CB1DC462462AAB92A7C6B1 /* Pods-OnlineGroceriesSwiftUI.debug.xcconfig */ = {isa = PBXFileReference; includeInIndex = 1; lastKnownFileType = text.xcconfig; name = "Pods-OnlineGroceriesSwiftUI.debug.xcconfig"; path = "Target Support Files/Pods-OnlineGroceriesSwiftUI/Pods-OnlineGroceriesSwiftUI.debug.xcconfig"; sourceTree = "<group>"; };
		5A83C27366C151C857A4B1C8 /* Pods-OnlineGroceriesSwiftUI-OnlineGroceriesSwiftUIUITests.release.xcconfig */ = {isa = PBXFileReference; includeInIndex = 1; lastKnownFileType = text.xcconfig; name = "Pods-OnlineGroceriesSwiftUI-OnlineGroceriesSwiftUIUITests.release.xcconfig"; path = "Target Support Files/Pods-OnlineGroceriesSwiftUI-OnlineGroceriesSwiftUIUITests/Pods-OnlineGroceriesSwiftUI-OnlineGroceriesSwiftUIUITests.release.xcconfig"; sourceTree = "<group>"; };
		66B7C23E65DCB57032748D64 /* Pods_OnlineGroceriesSwiftUI_OnlineGroceriesSwiftUIUITests.framework */ = {isa = PBXFileReference; explicitFileType = wrapper.framework; includeInIndex = 0; path = Pods_OnlineGroceriesSwiftUI_OnlineGroceriesSwiftUIUITests.framework; sourceTree = BUILT_PRODUCTS_DIR; };
		8201181167A8008B31F3689C /* Pods-OnlineGroceriesSwiftUITests.debug.xcconfig */ = {isa = PBXFileReference; includeInIndex = 1; lastKnownFileType = text.xcconfig; name = "Pods-OnlineGroceriesSwiftUITests.debug.xcconfig"; path = "Target Support Files/Pods-OnlineGroceriesSwiftUITests/Pods-OnlineGroceriesSwiftUITests.debug.xcconfig"; sourceTree = "<group>"; };
		A1055D042A9633B8932C8B23 /* Pods-OnlineGroceriesSwiftUITests.release.xcconfig */ = {isa = PBXFileReference; includeInIndex = 1; lastKnownFileType = text.xcconfig; name = "Pods-OnlineGroceriesSwiftUITests.release.xcconfig"; path = "Target Support Files/Pods-OnlineGroceriesSwiftUITests/Pods-OnlineGroceriesSwiftUITests.release.xcconfig"; sourceTree = "<group>"; };
		DD13D1616EA1AE21CA4577DE /* Pods-OnlineGroceriesSwiftUI.release.xcconfig */ = {isa = PBXFileReference; includeInIndex = 1; lastKnownFileType = text.xcconfig; name = "Pods-OnlineGroceriesSwiftUI.release.xcconfig"; path = "Target Support Files/Pods-OnlineGroceriesSwiftUI/Pods-OnlineGroceriesSwiftUI.release.xcconfig"; sourceTree = "<group>"; };
/* End PBXFileReference section */

/* Begin PBXFileSystemSynchronizedBuildFileExceptionSet section */
		04B2944F2D232D6900A72B48 /* Exceptions for "OnlineGroceriesSwiftUI" folder in "OnlineGroceriesSwiftUI" target */ = {
			isa = PBXFileSystemSynchronizedBuildFileExceptionSet;
			membershipExceptions = (
				Info.plist,
			);
			target = 04DDB7192D1F918F00E47C4A /* OnlineGroceriesSwiftUI */;
		};
/* End PBXFileSystemSynchronizedBuildFileExceptionSet section */

/* Begin PBXFileSystemSynchronizedRootGroup section */
		04DDB71C2D1F918F00E47C4A /* OnlineGroceriesSwiftUI */ = {
			isa = PBXFileSystemSynchronizedRootGroup;
			exceptions = (
				04B2944F2D232D6900A72B48 /* Exceptions for "OnlineGroceriesSwiftUI" folder in "OnlineGroceriesSwiftUI" target */,
			);
			path = OnlineGroceriesSwiftUI;
			sourceTree = "<group>";
		};
		04DDB72D2D1F919000E47C4A /* OnlineGroceriesSwiftUITests */ = {
			isa = PBXFileSystemSynchronizedRootGroup;
			path = OnlineGroceriesSwiftUITests;
			sourceTree = "<group>";
		};
		04DDB7372D1F919000E47C4A /* OnlineGroceriesSwiftUIUITests */ = {
			isa = PBXFileSystemSynchronizedRootGroup;
			path = OnlineGroceriesSwiftUIUITests;
			sourceTree = "<group>";
		};
/* End PBXFileSystemSynchronizedRootGroup section */

/* Begin PBXFrameworksBuildPhase section */
		04DDB7172D1F918F00E47C4A /* Frameworks */ = {
			isa = PBXFrameworksBuildPhase;
			buildActionMask = 2147483647;
			files = (
				0437081C2D3C924200E64E67 /* SDWebImageSwiftUI in Frameworks */,
				041574782D27604000941805 /* CountryPicker in Frameworks */,
				041574752D275CEE00941805 /* GoogleSignInSwift in Frameworks */,
				041574732D275CEE00941805 /* GoogleSignIn in Frameworks */,
				0415746D2D275CC800941805 /* FirebaseAuth in Frameworks */,
				041574702D275CDC00941805 /* FacebookLogin in Frameworks */,
				DF33A37F3C565C4E4361BBDC /* Pods_OnlineGroceriesSwiftUI.framework in Frameworks */,
			);
			runOnlyForDeploymentPostprocessing = 0;
		};
		04DDB7272D1F919000E47C4A /* Frameworks */ = {
			isa = PBXFrameworksBuildPhase;
			buildActionMask = 2147483647;
			files = (
				067EFBC9A4E6A0F2C1A3B102 /* Pods_OnlineGroceriesSwiftUITests.framework in Frameworks */,
			);
			runOnlyForDeploymentPostprocessing = 0;
		};
		04DDB7312D1F919000E47C4A /* Frameworks */ = {
			isa = PBXFrameworksBuildPhase;
			buildActionMask = 2147483647;
			files = (
				0265268AC076A72572FBCEE6 /* Pods_OnlineGroceriesSwiftUI_OnlineGroceriesSwiftUIUITests.framework in Frameworks */,
			);
			runOnlyForDeploymentPostprocessing = 0;
		};
/* End PBXFrameworksBuildPhase section */

/* Begin PBXGroup section */
		04DDB7112D1F918F00E47C4A = {
			isa = PBXGroup;
			children = (
				045F5C4C2D2442B100DD8ACC /* .gitignore */,
				044671582D23517000204EA4 /* OnlineGroceriesSwiftUI.app */,
				045F5C4D2D24451B00DD8ACC /* README.md */,
				045F5C7F2D2461D300DD8ACC /* GoogleService-Info.plist */,
				04C0AD102D23550B00F442D5 /* OnlineGroceriesSwiftUITests.xctest */,
				04C0AD112D23550B00F442D5 /* OnlineGroceriesSwiftUIUITests.xctest */,
				6B8BFDDDE4A16E24A4F483A9 /* Frameworks */,
				04DDB71C2D1F918F00E47C4A /* OnlineGroceriesSwiftUI */,
				04DDB72D2D1F919000E47C4A /* OnlineGroceriesSwiftUITests */,
				04DDB7372D1F919000E47C4A /* OnlineGroceriesSwiftUIUITests */,
				F2936E17BE97220F756E64CE /* Pods */,
			);
			sourceTree = "<group>";
		};
		6B8BFDDDE4A16E24A4F483A9 /* Frameworks */ = {
			isa = PBXGroup;
			children = (
				0C112B7E35B91A4B7015898B /* Pods_OnlineGroceriesSwiftUI.framework */,
				66B7C23E65DCB57032748D64 /* Pods_OnlineGroceriesSwiftUI_OnlineGroceriesSwiftUIUITests.framework */,
				419A54DE7D29718144210164 /* Pods_OnlineGroceriesSwiftUITests.framework */,
			);
			name = Frameworks;
			sourceTree = "<group>";
		};
		F2936E17BE97220F756E64CE /* Pods */ = {
			isa = PBXGroup;
			children = (
				59CB1DC462462AAB92A7C6B1 /* Pods-OnlineGroceriesSwiftUI.debug.xcconfig */,
				DD13D1616EA1AE21CA4577DE /* Pods-OnlineGroceriesSwiftUI.release.xcconfig */,
				008EDFA349C052E8F70EE5C0 /* Pods-OnlineGroceriesSwiftUI-OnlineGroceriesSwiftUIUITests.debug.xcconfig */,
				5A83C27366C151C857A4B1C8 /* Pods-OnlineGroceriesSwiftUI-OnlineGroceriesSwiftUIUITests.release.xcconfig */,
				8201181167A8008B31F3689C /* Pods-OnlineGroceriesSwiftUITests.debug.xcconfig */,
				A1055D042A9633B8932C8B23 /* Pods-OnlineGroceriesSwiftUITests.release.xcconfig */,
			);
			path = Pods;
			sourceTree = "<group>";
		};
/* End PBXGroup section */

/* Begin PBXNativeTarget section */
		04DDB7192D1F918F00E47C4A /* OnlineGroceriesSwiftUI */ = {
			isa = PBXNativeTarget;
			buildConfigurationList = 04DDB73E2D1F919000E47C4A /* Build configuration list for PBXNativeTarget "OnlineGroceriesSwiftUI" */;
			buildPhases = (
				0D2826D978A545E828F16F39 /* [CP] Check Pods Manifest.lock */,
				04DDB7162D1F918F00E47C4A /* Sources */,
				04DDB7172D1F918F00E47C4A /* Frameworks */,
				04DDB7182D1F918F00E47C4A /* Resources */,
			);
			buildRules = (
			);
			dependencies = (
			);
			fileSystemSynchronizedGroups = (
				04DDB71C2D1F918F00E47C4A /* OnlineGroceriesSwiftUI */,
			);
			name = OnlineGroceriesSwiftUI;
			packageProductDependencies = (
				0415746C2D275CC800941805 /* FirebaseAuth */,
				0415746F2D275CDC00941805 /* FacebookLogin */,
				041574722D275CEE00941805 /* GoogleSignIn */,
				041574742D275CEE00941805 /* GoogleSignInSwift */,
				041574772D27604000941805 /* CountryPicker */,
				0437081B2D3C924200E64E67 /* SDWebImageSwiftUI */,
			);
			productName = OnlineGroceriesSwiftUI;
			productReference = 044671582D23517000204EA4 /* OnlineGroceriesSwiftUI.app */;
			productType = "com.apple.product-type.application";
		};
		04DDB7292D1F919000E47C4A /* OnlineGroceriesSwiftUITests */ = {
			isa = PBXNativeTarget;
			buildConfigurationList = 04DDB7412D1F919000E47C4A /* Build configuration list for PBXNativeTarget "OnlineGroceriesSwiftUITests" */;
			buildPhases = (
				37E673033B2C548B583CEEAB /* [CP] Check Pods Manifest.lock */,
				04DDB7262D1F919000E47C4A /* Sources */,
				04DDB7272D1F919000E47C4A /* Frameworks */,
				04DDB7282D1F919000E47C4A /* Resources */,
			);
			buildRules = (
			);
			dependencies = (
				04DDB72C2D1F919000E47C4A /* PBXTargetDependency */,
			);
			fileSystemSynchronizedGroups = (
				04DDB72D2D1F919000E47C4A /* OnlineGroceriesSwiftUITests */,
			);
			name = OnlineGroceriesSwiftUITests;
			productName = OnlineGroceriesSwiftUITests;
			productReference = 04C0AD102D23550B00F442D5 /* OnlineGroceriesSwiftUITests.xctest */;
			productType = "com.apple.product-type.bundle.unit-test";
		};
		04DDB7332D1F919000E47C4A /* OnlineGroceriesSwiftUIUITests */ = {
			isa = PBXNativeTarget;
			buildConfigurationList = 04DDB7442D1F919000E47C4A /* Build configuration list for PBXNativeTarget "OnlineGroceriesSwiftUIUITests" */;
			buildPhases = (
				CF6FDA9F255ADD82658F0A7B /* [CP] Check Pods Manifest.lock */,
				04DDB7302D1F919000E47C4A /* Sources */,
				04DDB7312D1F919000E47C4A /* Frameworks */,
				04DDB7322D1F919000E47C4A /* Resources */,
			);
			buildRules = (
			);
			dependencies = (
				04DDB7362D1F919000E47C4A /* PBXTargetDependency */,
			);
			fileSystemSynchronizedGroups = (
				04DDB7372D1F919000E47C4A /* OnlineGroceriesSwiftUIUITests */,
			);
			name = OnlineGroceriesSwiftUIUITests;
			productName = OnlineGroceriesSwiftUIUITests;
			productReference = 04C0AD112D23550B00F442D5 /* OnlineGroceriesSwiftUIUITests.xctest */;
			productType = "com.apple.product-type.bundle.ui-testing";
		};
/* End PBXNativeTarget section */

/* Begin PBXProject section */
		04DDB7122D1F918F00E47C4A /* Project object */ = {
			isa = PBXProject;
			attributes = {
				BuildIndependentTargetsInParallel = 1;
				LastSwiftUpdateCheck = 1600;
				LastUpgradeCheck = 1600;
				TargetAttributes = {
					04DDB7192D1F918F00E47C4A = {
						CreatedOnToolsVersion = 16.0;
					};
					04DDB7292D1F919000E47C4A = {
						CreatedOnToolsVersion = 16.0;
						TestTargetID = 04DDB7192D1F918F00E47C4A;
					};
					04DDB7332D1F919000E47C4A = {
						CreatedOnToolsVersion = 16.0;
						TestTargetID = 04DDB7192D1F918F00E47C4A;
					};
				};
			};
			buildConfigurationList = 04DDB7152D1F918F00E47C4A /* Build configuration list for PBXProject "OnlineGroceriesSwiftUI" */;
			developmentRegion = en;
			hasScannedForEncodings = 0;
			knownRegions = (
				en,
				Base,
			);
			mainGroup = 04DDB7112D1F918F00E47C4A;
			minimizedProjectReferenceProxies = 1;
			packageReferences = (
				0415746B2D275CC800941805 /* XCRemoteSwiftPackageReference "firebase-ios-sdk" */,
				0415746E2D275CDC00941805 /* XCRemoteSwiftPackageReference "facebook-ios-sdk" */,
				041574712D275CEE00941805 /* XCRemoteSwiftPackageReference "GoogleSignIn-iOS" */,
				041574762D27604000941805 /* XCRemoteSwiftPackageReference "CountryPicker" */,
				0437081A2D3C924200E64E67 /* XCRemoteSwiftPackageReference "SDWebImageSwiftUI" */,
			);
			preferredProjectObjectVersion = 77;
			productRefGroup = 04DDB7112D1F918F00E47C4A;
			projectDirPath = "";
			projectRoot = "";
			targets = (
				04DDB7192D1F918F00E47C4A /* OnlineGroceriesSwiftUI */,
				04DDB7292D1F919000E47C4A /* OnlineGroceriesSwiftUITests */,
				04DDB7332D1F919000E47C4A /* OnlineGroceriesSwiftUIUITests */,
			);
		};
/* End PBXProject section */

/* Begin PBXResourcesBuildPhase section */
		04DDB7182D1F918F00E47C4A /* Resources */ = {
			isa = PBXResourcesBuildPhase;
			buildActionMask = 2147483647;
			files = (
				045F5C802D2461D300DD8ACC /* GoogleService-Info.plist in Resources */,
			);
			runOnlyForDeploymentPostprocessing = 0;
		};
		04DDB7282D1F919000E47C4A /* Resources */ = {
			isa = PBXResourcesBuildPhase;
			buildActionMask = 2147483647;
			files = (
			);
			runOnlyForDeploymentPostprocessing = 0;
		};
		04DDB7322D1F919000E47C4A /* Resources */ = {
			isa = PBXResourcesBuildPhase;
			buildActionMask = 2147483647;
			files = (
			);
			runOnlyForDeploymentPostprocessing = 0;
		};
/* End PBXResourcesBuildPhase section */

/* Begin PBXShellScriptBuildPhase section */
		0D2826D978A545E828F16F39 /* [CP] Check Pods Manifest.lock */ = {
			isa = PBXShellScriptBuildPhase;
			buildActionMask = 2147483647;
			files = (
			);
			inputFileListPaths = (
			);
			inputPaths = (
				"${PODS_PODFILE_DIR_PATH}/Podfile.lock",
				"${PODS_ROOT}/Manifest.lock",
			);
			name = "[CP] Check Pods Manifest.lock";
			outputFileListPaths = (
			);
			outputPaths = (
				"$(DERIVED_FILE_DIR)/Pods-OnlineGroceriesSwiftUI-checkManifestLockResult.txt",
			);
			runOnlyForDeploymentPostprocessing = 0;
			shellPath = /bin/sh;
			shellScript = "diff \"${PODS_PODFILE_DIR_PATH}/Podfile.lock\" \"${PODS_ROOT}/Manifest.lock\" > /dev/null\nif [ $? != 0 ] ; then\n    # print error to STDERR\n    echo \"error: The sandbox is not in sync with the Podfile.lock. Run 'pod install' or update your CocoaPods installation.\" >&2\n    exit 1\nfi\n# This output is used by Xcode 'outputs' to avoid re-running this script phase.\necho \"SUCCESS\" > \"${SCRIPT_OUTPUT_FILE_0}\"\n";
			showEnvVarsInLog = 0;
		};
		37E673033B2C548B583CEEAB /* [CP] Check Pods Manifest.lock */ = {
			isa = PBXShellScriptBuildPhase;
			buildActionMask = 2147483647;
			files = (
			);
			inputFileListPaths = (
			);
			inputPaths = (
				"${PODS_PODFILE_DIR_PATH}/Podfile.lock",
				"${PODS_ROOT}/Manifest.lock",
			);
			name = "[CP] Check Pods Manifest.lock";
			outputFileListPaths = (
			);
			outputPaths = (
				"$(DERIVED_FILE_DIR)/Pods-OnlineGroceriesSwiftUITests-checkManifestLockResult.txt",
			);
			runOnlyForDeploymentPostprocessing = 0;
			shellPath = /bin/sh;
			shellScript = "diff \"${PODS_PODFILE_DIR_PATH}/Podfile.lock\" \"${PODS_ROOT}/Manifest.lock\" > /dev/null\nif [ $? != 0 ] ; then\n    # print error to STDERR\n    echo \"error: The sandbox is not in sync with the Podfile.lock. Run 'pod install' or update your CocoaPods installation.\" >&2\n    exit 1\nfi\n# This output is used by Xcode 'outputs' to avoid re-running this script phase.\necho \"SUCCESS\" > \"${SCRIPT_OUTPUT_FILE_0}\"\n";
			showEnvVarsInLog = 0;
		};
		CF6FDA9F255ADD82658F0A7B /* [CP] Check Pods Manifest.lock */ = {
			isa = PBXShellScriptBuildPhase;
			buildActionMask = 2147483647;
			files = (
			);
			inputFileListPaths = (
			);
			inputPaths = (
				"${PODS_PODFILE_DIR_PATH}/Podfile.lock",
				"${PODS_ROOT}/Manifest.lock",
			);
			name = "[CP] Check Pods Manifest.lock";
			outputFileListPaths = (
			);
			outputPaths = (
				"$(DERIVED_FILE_DIR)/Pods-OnlineGroceriesSwiftUI-OnlineGroceriesSwiftUIUITests-checkManifestLockResult.txt",
			);
			runOnlyForDeploymentPostprocessing = 0;
			shellPath = /bin/sh;
			shellScript = "diff \"${PODS_PODFILE_DIR_PATH}/Podfile.lock\" \"${PODS_ROOT}/Manifest.lock\" > /dev/null\nif [ $? != 0 ] ; then\n    # print error to STDERR\n    echo \"error: The sandbox is not in sync with the Podfile.lock. Run 'pod install' or update your CocoaPods installation.\" >&2\n    exit 1\nfi\n# This output is used by Xcode 'outputs' to avoid re-running this script phase.\necho \"SUCCESS\" > \"${SCRIPT_OUTPUT_FILE_0}\"\n";
			showEnvVarsInLog = 0;
		};
/* End PBXShellScriptBuildPhase section */

/* Begin PBXSourcesBuildPhase section */
		04DDB7162D1F918F00E47C4A /* Sources */ = {
			isa = PBXSourcesBuildPhase;
			buildActionMask = 2147483647;
			files = (
			);
			runOnlyForDeploymentPostprocessing = 0;
		};
		04DDB7262D1F919000E47C4A /* Sources */ = {
			isa = PBXSourcesBuildPhase;
			buildActionMask = 2147483647;
			files = (
			);
			runOnlyForDeploymentPostprocessing = 0;
		};
		04DDB7302D1F919000E47C4A /* Sources */ = {
			isa = PBXSourcesBuildPhase;
			buildActionMask = 2147483647;
			files = (
			);
			runOnlyForDeploymentPostprocessing = 0;
		};
/* End PBXSourcesBuildPhase section */

/* Begin PBXTargetDependency section */
		04DDB72C2D1F919000E47C4A /* PBXTargetDependency */ = {
			isa = PBXTargetDependency;
			target = 04DDB7192D1F918F00E47C4A /* OnlineGroceriesSwiftUI */;
			targetProxy = 04DDB72B2D1F919000E47C4A /* PBXContainerItemProxy */;
		};
		04DDB7362D1F919000E47C4A /* PBXTargetDependency */ = {
			isa = PBXTargetDependency;
			target = 04DDB7192D1F918F00E47C4A /* OnlineGroceriesSwiftUI */;
			targetProxy = 04DDB7352D1F919000E47C4A /* PBXContainerItemProxy */;
		};
/* End PBXTargetDependency section */

/* Begin XCBuildConfiguration section */
		04DDB73C2D1F919000E47C4A /* Debug */ = {
			isa = XCBuildConfiguration;
			buildSettings = {
				ALWAYS_SEARCH_USER_PATHS = NO;
				ASSETCATALOG_COMPILER_GENERATE_SWIFT_ASSET_SYMBOL_EXTENSIONS = YES;
				CLANG_ANALYZER_NONNULL = YES;
				CLANG_ANALYZER_NUMBER_OBJECT_CONVERSION = YES_AGGRESSIVE;
				CLANG_CXX_LANGUAGE_STANDARD = "gnu++20";
				CLANG_ENABLE_MODULES = YES;
				CLANG_ENABLE_OBJC_ARC = YES;
				CLANG_ENABLE_OBJC_WEAK = YES;
				CLANG_WARN_BLOCK_CAPTURE_AUTORELEASING = YES;
				CLANG_WARN_BOOL_CONVERSION = YES;
				CLANG_WARN_COMMA = YES;
				CLANG_WARN_CONSTANT_CONVERSION = YES;
				CLANG_WARN_DEPRECATED_OBJC_IMPLEMENTATIONS = YES;
				CLANG_WARN_DIRECT_OBJC_ISA_USAGE = YES_ERROR;
				CLANG_WARN_DOCUMENTATION_COMMENTS = YES;
				CLANG_WARN_EMPTY_BODY = YES;
				CLANG_WARN_ENUM_CONVERSION = YES;
				CLANG_WARN_INFINITE_RECURSION = YES;
				CLANG_WARN_INT_CONVERSION = YES;
				CLANG_WARN_NON_LITERAL_NULL_CONVERSION = YES;
				CLANG_WARN_OBJC_IMPLICIT_RETAIN_SELF = YES;
				CLANG_WARN_OBJC_LITERAL_CONVERSION = YES;
				CLANG_WARN_OBJC_ROOT_CLASS = YES_ERROR;
				CLANG_WARN_QUOTED_INCLUDE_IN_FRAMEWORK_HEADER = YES;
				CLANG_WARN_RANGE_LOOP_ANALYSIS = YES;
				CLANG_WARN_STRICT_PROTOTYPES = YES;
				CLANG_WARN_SUSPICIOUS_MOVE = YES;
				CLANG_WARN_UNGUARDED_AVAILABILITY = YES_AGGRESSIVE;
				CLANG_WARN_UNREACHABLE_CODE = YES;
				CLANG_WARN__DUPLICATE_METHOD_MATCH = YES;
				COPY_PHASE_STRIP = NO;
				DEBUG_INFORMATION_FORMAT = dwarf;
				ENABLE_STRICT_OBJC_MSGSEND = YES;
				ENABLE_TESTABILITY = YES;
				ENABLE_USER_SCRIPT_SANDBOXING = YES;
				GCC_C_LANGUAGE_STANDARD = gnu17;
				GCC_DYNAMIC_NO_PIC = NO;
				GCC_NO_COMMON_BLOCKS = YES;
				GCC_OPTIMIZATION_LEVEL = 0;
				GCC_PREPROCESSOR_DEFINITIONS = (
					"DEBUG=1",
					"$(inherited)",
				);
				GCC_WARN_64_TO_32_BIT_CONVERSION = YES;
				GCC_WARN_ABOUT_RETURN_TYPE = YES_ERROR;
				GCC_WARN_UNDECLARED_SELECTOR = YES;
				GCC_WARN_UNINITIALIZED_AUTOS = YES_AGGRESSIVE;
				GCC_WARN_UNUSED_FUNCTION = YES;
				GCC_WARN_UNUSED_VARIABLE = YES;
				IPHONEOS_DEPLOYMENT_TARGET = 18.0;
				LOCALIZATION_PREFERS_STRING_CATALOGS = YES;
				MTL_ENABLE_DEBUG_INFO = INCLUDE_SOURCE;
				MTL_FAST_MATH = YES;
				ONLY_ACTIVE_ARCH = YES;
				SDKROOT = iphoneos;
				SWIFT_ACTIVE_COMPILATION_CONDITIONS = "DEBUG $(inherited)";
				SWIFT_OPTIMIZATION_LEVEL = "-Onone";
			};
			name = Debug;
		};
		04DDB73D2D1F919000E47C4A /* Release */ = {
			isa = XCBuildConfiguration;
			buildSettings = {
				ALWAYS_SEARCH_USER_PATHS = NO;
				ASSETCATALOG_COMPILER_GENERATE_SWIFT_ASSET_SYMBOL_EXTENSIONS = YES;
				CLANG_ANALYZER_NONNULL = YES;
				CLANG_ANALYZER_NUMBER_OBJECT_CONVERSION = YES_AGGRESSIVE;
				CLANG_CXX_LANGUAGE_STANDARD = "gnu++20";
				CLANG_ENABLE_MODULES = YES;
				CLANG_ENABLE_OBJC_ARC = YES;
				CLANG_ENABLE_OBJC_WEAK = YES;
				CLANG_WARN_BLOCK_CAPTURE_AUTORELEASING = YES;
				CLANG_WARN_BOOL_CONVERSION = YES;
				CLANG_WARN_COMMA = YES;
				CLANG_WARN_CONSTANT_CONVERSION = YES;
				CLANG_WARN_DEPRECATED_OBJC_IMPLEMENTATIONS = YES;
				CLANG_WARN_DIRECT_OBJC_ISA_USAGE = YES_ERROR;
				CLANG_WARN_DOCUMENTATION_COMMENTS = YES;
				CLANG_WARN_EMPTY_BODY = YES;
				CLANG_WARN_ENUM_CONVERSION = YES;
				CLANG_WARN_INFINITE_RECURSION = YES;
				CLANG_WARN_INT_CONVERSION = YES;
				CLANG_WARN_NON_LITERAL_NULL_CONVERSION = YES;
				CLANG_WARN_OBJC_IMPLICIT_RETAIN_SELF = YES;
				CLANG_WARN_OBJC_LITERAL_CONVERSION = YES;
				CLANG_WARN_OBJC_ROOT_CLASS = YES_ERROR;
				CLANG_WARN_QUOTED_INCLUDE_IN_FRAMEWORK_HEADER = YES;
				CLANG_WARN_RANGE_LOOP_ANALYSIS = YES;
				CLANG_WARN_STRICT_PROTOTYPES = YES;
				CLANG_WARN_SUSPICIOUS_MOVE = YES;
				CLANG_WARN_UNGUARDED_AVAILABILITY = YES_AGGRESSIVE;
				CLANG_WARN_UNREACHABLE_CODE = YES;
				CLANG_WARN__DUPLICATE_METHOD_MATCH = YES;
				COPY_PHASE_STRIP = NO;
				DEBUG_INFORMATION_FORMAT = "dwarf-with-dsym";
				ENABLE_NS_ASSERTIONS = NO;
				ENABLE_STRICT_OBJC_MSGSEND = YES;
				ENABLE_USER_SCRIPT_SANDBOXING = YES;
				GCC_C_LANGUAGE_STANDARD = gnu17;
				GCC_NO_COMMON_BLOCKS = YES;
				GCC_WARN_64_TO_32_BIT_CONVERSION = YES;
				GCC_WARN_ABOUT_RETURN_TYPE = YES_ERROR;
				GCC_WARN_UNDECLARED_SELECTOR = YES;
				GCC_WARN_UNINITIALIZED_AUTOS = YES_AGGRESSIVE;
				GCC_WARN_UNUSED_FUNCTION = YES;
				GCC_WARN_UNUSED_VARIABLE = YES;
				IPHONEOS_DEPLOYMENT_TARGET = 18.0;
				LOCALIZATION_PREFERS_STRING_CATALOGS = YES;
				MTL_ENABLE_DEBUG_INFO = NO;
				MTL_FAST_MATH = YES;
				SDKROOT = iphoneos;
				SWIFT_COMPILATION_MODE = wholemodule;
				VALIDATE_PRODUCT = YES;
			};
			name = Release;
		};
		04DDB73F2D1F919000E47C4A /* Debug */ = {
			isa = XCBuildConfiguration;
			baseConfigurationReference = 59CB1DC462462AAB92A7C6B1 /* Pods-OnlineGroceriesSwiftUI.debug.xcconfig */;
			buildSettings = {
				ASSETCATALOG_COMPILER_APPICON_NAME = AppIcon;
				ASSETCATALOG_COMPILER_GLOBAL_ACCENT_COLOR_NAME = AccentColor;
				ASSETCATALOG_COMPILER_INCLUDE_ALL_APPICON_ASSETS = NO;
				CODE_SIGN_ENTITLEMENTS = OnlineGroceriesSwiftUI/OnlineGroceriesSwiftUI.entitlements;
				CODE_SIGN_STYLE = Automatic;
				CURRENT_PROJECT_VERSION = 1;
				DEVELOPMENT_ASSET_PATHS = "\"OnlineGroceriesSwiftUI/Preview Content\"";
				DEVELOPMENT_TEAM = "";
				ENABLE_PREVIEWS = YES;
				GENERATE_INFOPLIST_FILE = YES;
				INFOPLIST_FILE = OnlineGroceriesSwiftUI/Info.plist;
				INFOPLIST_KEY_UIApplicationSceneManifest_Generation = YES;
				INFOPLIST_KEY_UIApplicationSupportsIndirectInputEvents = YES;
				INFOPLIST_KEY_UILaunchStoryboardName = "Launch Screen";
				INFOPLIST_KEY_UISupportedInterfaceOrientations = UIInterfaceOrientationPortrait;
				INFOPLIST_KEY_UISupportedInterfaceOrientations_iPad = "UIInterfaceOrientationLandscapeLeft UIInterfaceOrientationLandscapeRight UIInterfaceOrientationPortrait UIInterfaceOrientationPortraitUpsideDown";
				IPHONEOS_DEPLOYMENT_TARGET = 15.6;
				LD_RUNPATH_SEARCH_PATHS = (
					"$(inherited)",
					"@executable_path/Frameworks",
				);
				MARKETING_VERSION = 1.0;
				PRODUCT_BUNDLE_IDENTIFIER = com.gaston.OnlineGroceries;
				PRODUCT_NAME = "$(TARGET_NAME)";
				SUPPORTED_PLATFORMS = "iphoneos iphonesimulator";
				SUPPORTS_MACCATALYST = NO;
				SUPPORTS_MAC_DESIGNED_FOR_IPHONE_IPAD = NO;
				SUPPORTS_XR_DESIGNED_FOR_IPHONE_IPAD = NO;
				SWIFT_EMIT_LOC_STRINGS = YES;
				SWIFT_VERSION = 5.0;
				TARGETED_DEVICE_FAMILY = 1;
			};
			name = Debug;
		};
		04DDB7402D1F919000E47C4A /* Release */ = {
			isa = XCBuildConfiguration;
			baseConfigurationReference = DD13D1616EA1AE21CA4577DE /* Pods-OnlineGroceriesSwiftUI.release.xcconfig */;
			buildSettings = {
				ASSETCATALOG_COMPILER_APPICON_NAME = AppIcon;
				ASSETCATALOG_COMPILER_GLOBAL_ACCENT_COLOR_NAME = AccentColor;
				ASSETCATALOG_COMPILER_INCLUDE_ALL_APPICON_ASSETS = NO;
				CODE_SIGN_ENTITLEMENTS = OnlineGroceriesSwiftUI/OnlineGroceriesSwiftUI.entitlements;
				CODE_SIGN_STYLE = Automatic;
				CURRENT_PROJECT_VERSION = 1;
				DEVELOPMENT_ASSET_PATHS = "\"OnlineGroceriesSwiftUI/Preview Content\"";
				DEVELOPMENT_TEAM = "";
				ENABLE_PREVIEWS = YES;
				GENERATE_INFOPLIST_FILE = YES;
				INFOPLIST_FILE = OnlineGroceriesSwiftUI/Info.plist;
				INFOPLIST_KEY_UIApplicationSceneManifest_Generation = YES;
				INFOPLIST_KEY_UIApplicationSupportsIndirectInputEvents = YES;
				INFOPLIST_KEY_UILaunchStoryboardName = "Launch Screen";
				INFOPLIST_KEY_UISupportedInterfaceOrientations = UIInterfaceOrientationPortrait;
				INFOPLIST_KEY_UISupportedInterfaceOrientations_iPad = "UIInterfaceOrientationLandscapeLeft UIInterfaceOrientationLandscapeRight UIInterfaceOrientationPortrait UIInterfaceOrientationPortraitUpsideDown";
				IPHONEOS_DEPLOYMENT_TARGET = 15.6;
				LD_RUNPATH_SEARCH_PATHS = (
					"$(inherited)",
					"@executable_path/Frameworks",
				);
				MARKETING_VERSION = 1.0;
				PRODUCT_BUNDLE_IDENTIFIER = com.gaston.OnlineGroceries;
				PRODUCT_NAME = "$(TARGET_NAME)";
				SUPPORTED_PLATFORMS = "iphoneos iphonesimulator";
				SUPPORTS_MACCATALYST = NO;
				SUPPORTS_MAC_DESIGNED_FOR_IPHONE_IPAD = NO;
				SUPPORTS_XR_DESIGNED_FOR_IPHONE_IPAD = NO;
				SWIFT_EMIT_LOC_STRINGS = YES;
				SWIFT_VERSION = 5.0;
				TARGETED_DEVICE_FAMILY = 1;
			};
			name = Release;
		};
		04DDB7422D1F919000E47C4A /* Debug */ = {
			isa = XCBuildConfiguration;
			baseConfigurationReference = 8201181167A8008B31F3689C /* Pods-OnlineGroceriesSwiftUITests.debug.xcconfig */;
			buildSettings = {
				BUNDLE_LOADER = "$(TEST_HOST)";
				CODE_SIGN_STYLE = Automatic;
				CURRENT_PROJECT_VERSION = 1;
				GENERATE_INFOPLIST_FILE = YES;
				IPHONEOS_DEPLOYMENT_TARGET = 18.0;
				MARKETING_VERSION = 1.0;
				PRODUCT_BUNDLE_IDENTIFIER = com.gaston.OnlineGroceriesSwiftUITests;
				PRODUCT_NAME = "$(TARGET_NAME)";
				SWIFT_EMIT_LOC_STRINGS = NO;
				SWIFT_VERSION = 5.0;
				TARGETED_DEVICE_FAMILY = "1,2";
				TEST_HOST = "$(BUILT_PRODUCTS_DIR)/OnlineGroceriesSwiftUI.app/$(BUNDLE_EXECUTABLE_FOLDER_PATH)/OnlineGroceriesSwiftUI";
			};
			name = Debug;
		};
		04DDB7432D1F919000E47C4A /* Release */ = {
			isa = XCBuildConfiguration;
			baseConfigurationReference = A1055D042A9633B8932C8B23 /* Pods-OnlineGroceriesSwiftUITests.release.xcconfig */;
			buildSettings = {
				BUNDLE_LOADER = "$(TEST_HOST)";
				CODE_SIGN_STYLE = Automatic;
				CURRENT_PROJECT_VERSION = 1;
				GENERATE_INFOPLIST_FILE = YES;
				IPHONEOS_DEPLOYMENT_TARGET = 18.0;
				MARKETING_VERSION = 1.0;
				PRODUCT_BUNDLE_IDENTIFIER = com.gaston.OnlineGroceriesSwiftUITests;
				PRODUCT_NAME = "$(TARGET_NAME)";
				SWIFT_EMIT_LOC_STRINGS = NO;
				SWIFT_VERSION = 5.0;
				TARGETED_DEVICE_FAMILY = "1,2";
				TEST_HOST = "$(BUILT_PRODUCTS_DIR)/OnlineGroceriesSwiftUI.app/$(BUNDLE_EXECUTABLE_FOLDER_PATH)/OnlineGroceriesSwiftUI";
			};
			name = Release;
		};
		04DDB7452D1F919000E47C4A /* Debug */ = {
			isa = XCBuildConfiguration;
			baseConfigurationReference = 008EDFA349C052E8F70EE5C0 /* Pods-OnlineGroceriesSwiftUI-OnlineGroceriesSwiftUIUITests.debug.xcconfig */;
			buildSettings = {
				CODE_SIGN_STYLE = Automatic;
				CURRENT_PROJECT_VERSION = 1;
				GENERATE_INFOPLIST_FILE = YES;
				MARKETING_VERSION = 1.0;
				PRODUCT_BUNDLE_IDENTIFIER = com.gaston.OnlineGroceriesSwiftUIUITests;
				PRODUCT_NAME = "$(TARGET_NAME)";
				SWIFT_EMIT_LOC_STRINGS = NO;
				SWIFT_VERSION = 5.0;
				TARGETED_DEVICE_FAMILY = "1,2";
				TEST_TARGET_NAME = OnlineGroceriesSwiftUI;
			};
			name = Debug;
		};
		04DDB7462D1F919000E47C4A /* Release */ = {
			isa = XCBuildConfiguration;
			baseConfigurationReference = 5A83C27366C151C857A4B1C8 /* Pods-OnlineGroceriesSwiftUI-OnlineGroceriesSwiftUIUITests.release.xcconfig */;
			buildSettings = {
				CODE_SIGN_STYLE = Automatic;
				CURRENT_PROJECT_VERSION = 1;
				GENERATE_INFOPLIST_FILE = YES;
				MARKETING_VERSION = 1.0;
				PRODUCT_BUNDLE_IDENTIFIER = com.gaston.OnlineGroceriesSwiftUIUITests;
				PRODUCT_NAME = "$(TARGET_NAME)";
				SWIFT_EMIT_LOC_STRINGS = NO;
				SWIFT_VERSION = 5.0;
				TARGETED_DEVICE_FAMILY = "1,2";
				TEST_TARGET_NAME = OnlineGroceriesSwiftUI;
			};
			name = Release;
		};
/* End XCBuildConfiguration section */

/* Begin XCConfigurationList section */
		04DDB7152D1F918F00E47C4A /* Build configuration list for PBXProject "OnlineGroceriesSwiftUI" */ = {
			isa = XCConfigurationList;
			buildConfigurations = (
				04DDB73C2D1F919000E47C4A /* Debug */,
				04DDB73D2D1F919000E47C4A /* Release */,
			);
			defaultConfigurationIsVisible = 0;
			defaultConfigurationName = Release;
		};
		04DDB73E2D1F919000E47C4A /* Build configuration list for PBXNativeTarget "OnlineGroceriesSwiftUI" */ = {
			isa = XCConfigurationList;
			buildConfigurations = (
				04DDB73F2D1F919000E47C4A /* Debug */,
				04DDB7402D1F919000E47C4A /* Release */,
			);
			defaultConfigurationIsVisible = 0;
			defaultConfigurationName = Release;
		};
		04DDB7412D1F919000E47C4A /* Build configuration list for PBXNativeTarget "OnlineGroceriesSwiftUITests" */ = {
			isa = XCConfigurationList;
			buildConfigurations = (
				04DDB7422D1F919000E47C4A /* Debug */,
				04DDB7432D1F919000E47C4A /* Release */,
			);
			defaultConfigurationIsVisible = 0;
			defaultConfigurationName = Release;
		};
		04DDB7442D1F919000E47C4A /* Build configuration list for PBXNativeTarget "OnlineGroceriesSwiftUIUITests" */ = {
			isa = XCConfigurationList;
			buildConfigurations = (
				04DDB7452D1F919000E47C4A /* Debug */,
				04DDB7462D1F919000E47C4A /* Release */,
			);
			defaultConfigurationIsVisible = 0;
			defaultConfigurationName = Release;
		};
/* End XCConfigurationList section */

/* Begin XCRemoteSwiftPackageReference section */
		0415746B2D275CC800941805 /* XCRemoteSwiftPackageReference "firebase-ios-sdk" */ = {
			isa = XCRemoteSwiftPackageReference;
			repositoryURL = "https://github.com/firebase/firebase-ios-sdk";
			requirement = {
				kind = upToNextMajorVersion;
				minimumVersion = 11.6.0;
			};
		};
		0415746E2D275CDC00941805 /* XCRemoteSwiftPackageReference "facebook-ios-sdk" */ = {
			isa = XCRemoteSwiftPackageReference;
			repositoryURL = "https://github.com/facebook/facebook-ios-sdk";
			requirement = {
				kind = upToNextMajorVersion;
				minimumVersion = 14.1.0;
			};
		};
		041574712D275CEE00941805 /* XCRemoteSwiftPackageReference "GoogleSignIn-iOS" */ = {
			isa = XCRemoteSwiftPackageReference;
			repositoryURL = "https://github.com/google/GoogleSignIn-iOS";
			requirement = {
				kind = upToNextMajorVersion;
				minimumVersion = 8.0.0;
			};
		};
		041574762D27604000941805 /* XCRemoteSwiftPackageReference "CountryPicker" */ = {
			isa = XCRemoteSwiftPackageReference;
			repositoryURL = "https://github.com/mobven/CountryPicker.git";
			requirement = {
				kind = upToNextMajorVersion;
				minimumVersion = 2.0.3;
			};
		};
		0437081A2D3C924200E64E67 /* XCRemoteSwiftPackageReference "SDWebImageSwiftUI" */ = {
			isa = XCRemoteSwiftPackageReference;
			repositoryURL = "https://github.com/SDWebImage/SDWebImageSwiftUI";
			requirement = {
				kind = upToNextMajorVersion;
				minimumVersion = 3.1.3;
			};
		};
/* End XCRemoteSwiftPackageReference section */

/* Begin XCSwiftPackageProductDependency section */
		0415746C2D275CC800941805 /* FirebaseAuth */ = {
			isa = XCSwiftPackageProductDependency;
			package = 0415746B2D275CC800941805 /* XCRemoteSwiftPackageReference "firebase-ios-sdk" */;
			productName = FirebaseAuth;
		};
		0415746F2D275CDC00941805 /* FacebookLogin */ = {
			isa = XCSwiftPackageProductDependency;
			package = 0415746E2D275CDC00941805 /* XCRemoteSwiftPackageReference "facebook-ios-sdk" */;
			productName = FacebookLogin;
		};
		041574722D275CEE00941805 /* GoogleSignIn */ = {
			isa = XCSwiftPackageProductDependency;
			package = 041574712D275CEE00941805 /* XCRemoteSwiftPackageReference "GoogleSignIn-iOS" */;
			productName = GoogleSignIn;
		};
		041574742D275CEE00941805 /* GoogleSignInSwift */ = {
			isa = XCSwiftPackageProductDependency;
			package = 041574712D275CEE00941805 /* XCRemoteSwiftPackageReference "GoogleSignIn-iOS" */;
			productName = GoogleSignInSwift;
		};
		041574772D27604000941805 /* CountryPicker */ = {
			isa = XCSwiftPackageProductDependency;
			package = 041574762D27604000941805 /* XCRemoteSwiftPackageReference "CountryPicker" */;
			productName = CountryPicker;
		};
		0437081B2D3C924200E64E67 /* SDWebImageSwiftUI */ = {
			isa = XCSwiftPackageProductDependency;
			package = 0437081A2D3C924200E64E67 /* XCRemoteSwiftPackageReference "SDWebImageSwiftUI" */;
			productName = SDWebImageSwiftUI;
		};
/* End XCSwiftPackageProductDependency section */
	};
	rootObject = 04DDB7122D1F918F00E47C4A /* Project object */;
}
